
Microsoft Visual Studio Solution File, Format Version 12.00
# Visual Studio Version 17
VisualStudioVersion = 17.5.33424.131
MinimumVisualStudioVersion = 10.0.40219.1
Project("{888888A0-9F3D-457C-B088-3A5042F75D52}") = "giftcardchecker", "giftcardchecker\giftcardchecker.pyproj", "{B282E22F-737F-4368-9C07-958BEB2764AD}"
EndProject
Global
	GlobalSection(SolutionConfigurationPlatforms) = preSolution
		Debug|Any CPU = Debug|Any CPU
		Release|Any CPU = Release|Any CPU
	EndGlobalSection
	GlobalSection(ProjectConfigurationPlatforms) = postSolution
		{B282E22F-737F-4368-9C07-958BEB2764AD}.Debug|Any CPU.ActiveCfg = Debug|Any CPU
		{B282E22F-737F-4368-9C07-958BEB2764AD}.Release|Any CPU.ActiveCfg = Release|Any CPU
	EndGlobalSection
	GlobalSection(SolutionProperties) = preSolution
		HideSolutionNode = FALSE
	EndGlobalSection
	GlobalSection(ExtensibilityGlobals) = postSolution
		SolutionGuid = {6B2EE294-0648-46D5-87BE-8C56B4B8EF32}
	EndGlobalSection
EndGlobal
